<?xml version="1.0" encoding="utf-8"?>
<Project ToolsVersion="4.0" xmlns="http://schemas.microsoft.com/developer/msbuild/2003">
  <ItemGroup>
    <Filter Include="소스 파일">
      <UniqueIdentifier>{4FC737F1-C7A5-4376-A066-2A32D752A2FF}</UniqueIdentifier>
      <Extensions>cpp;c;cc;cxx;c++;cppm;ixx;def;odl;idl;hpj;bat;asm;asmx</Extensions>
    </Filter>
    <Filter Include="헤더 파일">
      <UniqueIdentifier>{93995380-89BD-4b04-88EB-625FBE52EBFB}</UniqueIdentifier>
      <Extensions>h;hh;hpp;hxx;h++;hm;inl;inc;ipp;xsd</Extensions>
    </Filter>
    <Filter Include="리소스 파일">
      <UniqueIdentifier>{67DA6AB6-F800-4c08-8B7A-83BB121AAD01}</UniqueIdentifier>
      <Extensions>rc;ico;cur;bmp;dlg;rc2;rct;bin;rgs;gif;jpg;jpeg;jpe;resx;tiff;tif;png;wav;mfcribbon-ms</Extensions>
    </Filter>
    <Filter Include="01. Manager">
      <UniqueIdentifier>{2dcea9fd-d497-48f8-b768-82242e9b40a7}</UniqueIdentifier>
    </Filter>
    <Filter Include="01. Manager\01. Device">
      <UniqueIdentifier>{dcef6c9e-b6d2-4b72-8691-8ea21f3590a7}</UniqueIdentifier>
    </Filter>
    <Filter Include="01. Manager\02. Math">
      <UniqueIdentifier>{2a1ed63a-7f77-4303-aaa1-5c515d4b3082}</UniqueIdentifier>
    </Filter>
    <Filter Include="02. Resource">
      <UniqueIdentifier>{d271bf78-49a4-4fd2-8c21-ddd1cb974963}</UniqueIdentifier>
    </Filter>
    <Filter Include="02. Resource\01. Mesh">
      <UniqueIdentifier>{f54279a8-b60d-41ac-b9b9-a0abbd510e47}</UniqueIdentifier>
    </Filter>
    <Filter Include="01. Manager\03. Ref">
      <UniqueIdentifier>{ac813765-ae7e-4b62-a432-a9393889ea90}</UniqueIdentifier>
    </Filter>
    <Filter Include="01. Manager\04. Timer">
      <UniqueIdentifier>{0c386375-77af-4e6d-960e-8e85462c30d8}</UniqueIdentifier>
    </Filter>
    <Filter Include="01. Manager\05. SharedPtr">
      <UniqueIdentifier>{2d47aa57-d761-43ee-b7c4-abab648f60ae}</UniqueIdentifier>
    </Filter>
  </ItemGroup>
  <ItemGroup>
    <ClInclude Include="Engine.h">
      <Filter>01. Manager</Filter>
    </ClInclude>
    <ClInclude Include="Device.h">
      <Filter>01. Manager\01. Device</Filter>
    </ClInclude>
    <ClInclude Include="EngineMath.h">
      <Filter>01. Manager\02. Math</Filter>
    </ClInclude>
    <ClInclude Include="EngineInfo.h">
      <Filter>헤더 파일</Filter>
    </ClInclude>
    <ClInclude Include="Vector2.h">
      <Filter>01. Manager\02. Math</Filter>
    </ClInclude>
    <ClInclude Include="Vector3.h">
      <Filter>01. Manager\02. Math</Filter>
    </ClInclude>
    <ClInclude Include="Vector4.h">
      <Filter>01. Manager\02. Math</Filter>
    </ClInclude>
    <ClInclude Include="Flag.h">
      <Filter>헤더 파일</Filter>
    </ClInclude>
    <ClInclude Include="Matrix.h">
      <Filter>01. Manager\02. Math</Filter>
    </ClInclude>
    <ClInclude Include="Resource\ResourceManager.h">
      <Filter>02. Resource</Filter>
    </ClInclude>
    <ClInclude Include="Resource\Mesh\MeshManager.h">
      <Filter>02. Resource\01. Mesh</Filter>
    </ClInclude>
    <ClInclude Include="Ref.h">
      <Filter>01. Manager\03. Ref</Filter>
    </ClInclude>
    <ClInclude Include="Timer.h">
      <Filter>01. Manager\04. Timer</Filter>
    </ClInclude>
    <ClInclude Include="Resource\Mesh\Mesh.h">
      <Filter>02. Resource\01. Mesh</Filter>
    </ClInclude>
    <ClInclude Include="Resource\Mesh\SpriteMesh.h">
      <Filter>02. Resource\01. Mesh</Filter>
    </ClInclude>
    <ClInclude Include="SharedPtr.h">
      <Filter>01. Manager\05. SharedPtr</Filter>
    </ClInclude>
  </ItemGroup>
  <ItemGroup>
    <ClCompile Include="Engine.cpp">
      <Filter>01. Manager</Filter>
    </ClCompile>
    <ClCompile Include="Device.cpp">
      <Filter>01. Manager\01. Device</Filter>
    </ClCompile>
    <ClCompile Include="Vector2.cpp">
      <Filter>01. Manager\02. Math</Filter>
    </ClCompile>
    <ClCompile Include="Vector3.cpp">
      <Filter>01. Manager\02. Math</Filter>
    </ClCompile>
    <ClCompile Include="Vector4.cpp">
      <Filter>01. Manager\02. Math</Filter>
    </ClCompile>
    <ClCompile Include="Matrix.cpp">
      <Filter>01. Manager\02. Math</Filter>
    </ClCompile>
    <ClCompile Include="Resource\ResourceManager.cpp">
      <Filter>02. Resource</Filter>
    </ClCompile>
    <ClCompile Include="Resource\Mesh\MeshManager.cpp">
      <Filter>02. Resource\01. Mesh</Filter>
    </ClCompile>
    <ClCompile Include="Ref.cpp">
      <Filter>01. Manager\03. Ref</Filter>
    </ClCompile>
    <ClCompile Include="Timer.cpp">
      <Filter>01. Manager\04. Timer</Filter>
    </ClCompile>
    <ClCompile Include="Resource\Mesh\Mesh.cpp">
      <Filter>02. Resource\01. Mesh</Filter>
    </ClCompile>
    <ClCompile Include="Resource\Mesh\SpriteMesh.cpp">
      <Filter>02. Resource\01. Mesh</Filter>
    </ClCompile>
  </ItemGroup>
</Project>